version = 1
requires-python = ">=3.12"

[[package]]
name = "arpeggio"
version = "2.0.2"
source = { registry = "https://pypi.org/simple" }
sdist = { url = "https://files.pythonhosted.org/packages/12/c4/516bb54456f85ad1947702ea4cef543a59de66d31a9887dbc3d9df36e3e1/Arpeggio-2.0.2.tar.gz", hash = "sha256:c790b2b06e226d2dd468e4fbfb5b7f506cec66416031fde1441cf1de2a0ba700", size = 766643 }
wheels = [
    { url = "https://files.pythonhosted.org/packages/f7/4f/d28bf30a19d4649b40b501d531b44e73afada99044df100380fd9567e92f/Arpeggio-2.0.2-py2.py3-none-any.whl", hash = "sha256:f7c8ae4f4056a89e020c24c7202ac8df3e2bc84e416746f20b0da35bb1de0250", size = 55287 },
]

[[package]]
name = "attrs"
version = "24.2.0"
source = { registry = "https://pypi.org/simple" }
sdist = { url = "https://files.pythonhosted.org/packages/fc/0f/aafca9af9315aee06a89ffde799a10a582fe8de76c563ee80bbcdc08b3fb/attrs-24.2.0.tar.gz", hash = "sha256:5cfb1b9148b5b086569baec03f20d7b6bf3bcacc9a42bebf87ffaaca362f6346", size = 792678 }
wheels = [
    { url = "https://files.pythonhosted.org/packages/6a/21/5b6702a7f963e95456c0de2d495f67bf5fd62840ac655dc451586d23d39a/attrs-24.2.0-py3-none-any.whl", hash = "sha256:81921eb96de3191c8258c199618104dd27ac608d9366f5e35d011eae1867ede2", size = 63001 },
]

[[package]]
name = "cfgv"
version = "3.4.0"
source = { registry = "https://pypi.org/simple" }
sdist = { url = "https://files.pythonhosted.org/packages/11/74/539e56497d9bd1d484fd863dd69cbbfa653cd2aa27abfe35653494d85e94/cfgv-3.4.0.tar.gz", hash = "sha256:e52591d4c5f5dead8e0f673fb16db7949d2cfb3f7da4582893288f0ded8fe560", size = 7114 }
wheels = [
    { url = "https://files.pythonhosted.org/packages/c5/55/51844dd50c4fc7a33b653bfaba4c2456f06955289ca770a5dbd5fd267374/cfgv-3.4.0-py2.py3-none-any.whl", hash = "sha256:b7265b1f29fd3316bfcd2b330d63d024f2bfd8bcb8b0272f8e19a504856c48f9", size = 7249 },
]

[[package]]
name = "cloudflare-iac"
version = "0.1.0"
source = { virtual = "." }
dependencies = [
    { name = "pip" },
    { name = "pulumi" },
    { name = "pulumi-cloudflare" },
]

[package.dev-dependencies]
dev = [
    { name = "pre-commit" },
    { name = "pre-commit-uv" },
]

[package.metadata]
requires-dist = [
    { name = "pip", specifier = ">=24.2" },
    { name = "pulumi", specifier = "==3.134.1" },
    { name = "pulumi-cloudflare", specifier = "==5.39.1" },
]

[package.metadata.requires-dev]
dev = [
    { name = "pre-commit", specifier = ">=3.2.0" },
    { name = "pre-commit-uv", specifier = ">=3.8.0" },
]

[[package]]
name = "debugpy"
version = "1.8.6"
source = { registry = "https://pypi.org/simple" }
sdist = { url = "https://files.pythonhosted.org/packages/ce/b3/05c94639560cf0eaef33662ee5102d3e2a8b9e8c527c53190bf7187bacdb/debugpy-1.8.6.zip", hash = "sha256:c931a9371a86784cee25dec8d65bc2dc7a21f3f1552e3833d9ef8f919d22280a", size = 4956612 }
wheels = [
    { url = "https://files.pythonhosted.org/packages/b8/9e/882dae43f281fc4742fd9e5d2e0f5dae77f38d4f345e78bf1ed5e1f6202e/debugpy-1.8.6-cp312-cp312-macosx_14_0_universal2.whl", hash = "sha256:db891b141fc6ee4b5fc6d1cc8035ec329cabc64bdd2ae672b4550c87d4ecb128", size = 2526807 },
    { url = "https://files.pythonhosted.org/packages/77/cf/6c0497f4b092cb4a408dda5ab84750032e5535f994d21eb812086d62094d/debugpy-1.8.6-cp312-cp312-manylinux_2_5_x86_64.manylinux1_x86_64.manylinux_2_17_x86_64.manylinux2014_x86_64.whl", hash = "sha256:567419081ff67da766c898ccf21e79f1adad0e321381b0dfc7a9c8f7a9347972", size = 4162582 },
    { url = "https://files.pythonhosted.org/packages/8e/66/e9c0aef0a5118aeaa6dfccb6d4f388602271cfb37c689da5e7b6168075d2/debugpy-1.8.6-cp312-cp312-win32.whl", hash = "sha256:c9834dfd701a1f6bf0f7f0b8b1573970ae99ebbeee68314116e0ccc5c78eea3c", size = 5193541 },
    { url = "https://files.pythonhosted.org/packages/c2/97/2196c4132c29f7cd8e574bb05a4b03ed35f94e3fcd1f56e72ea9f10732f4/debugpy-1.8.6-cp312-cp312-win_amd64.whl", hash = "sha256:e4ce0570aa4aca87137890d23b86faeadf184924ad892d20c54237bcaab75d8f", size = 5233374 },
    { url = "https://files.pythonhosted.org/packages/05/ce/785925e87ce735cc3da7fb2bd66d8ca83173d8a0b60ce35a59a60b8d636f/debugpy-1.8.6-py2.py3-none-any.whl", hash = "sha256:b48892df4d810eff21d3ef37274f4c60d32cdcafc462ad5647239036b0f0649f", size = 5209208 },
]

[[package]]
name = "dill"
version = "0.3.9"
source = { registry = "https://pypi.org/simple" }
sdist = { url = "https://files.pythonhosted.org/packages/70/43/86fe3f9e130c4137b0f1b50784dd70a5087b911fe07fa81e53e0c4c47fea/dill-0.3.9.tar.gz", hash = "sha256:81aa267dddf68cbfe8029c42ca9ec6a4ab3b22371d1c450abc54422577b4512c", size = 187000 }
wheels = [
    { url = "https://files.pythonhosted.org/packages/46/d1/e73b6ad76f0b1fb7f23c35c6d95dbc506a9c8804f43dda8cb5b0fa6331fd/dill-0.3.9-py3-none-any.whl", hash = "sha256:468dff3b89520b474c0397703366b7b95eebe6303f108adf9b19da1f702be87a", size = 119418 },
]

[[package]]
name = "distlib"
version = "0.3.8"
source = { registry = "https://pypi.org/simple" }
sdist = { url = "https://files.pythonhosted.org/packages/c4/91/e2df406fb4efacdf46871c25cde65d3c6ee5e173b7e5a4547a47bae91920/distlib-0.3.8.tar.gz", hash = "sha256:1530ea13e350031b6312d8580ddb6b27a104275a31106523b8f123787f494f64", size = 609931 }
wheels = [
    { url = "https://files.pythonhosted.org/packages/8e/41/9307e4f5f9976bc8b7fea0b66367734e8faf3ec84bc0d412d8cfabbb66cd/distlib-0.3.8-py2.py3-none-any.whl", hash = "sha256:034db59a0b96f8ca18035f36290806a9a6e6bd9d1ff91e45a7f172eb17e51784", size = 468850 },
]

[[package]]
name = "filelock"
version = "3.16.1"
source = { registry = "https://pypi.org/simple" }
sdist = { url = "https://files.pythonhosted.org/packages/9d/db/3ef5bb276dae18d6ec2124224403d1d67bccdbefc17af4cc8f553e341ab1/filelock-3.16.1.tar.gz", hash = "sha256:c249fbfcd5db47e5e2d6d62198e565475ee65e4831e2561c8e313fa7eb961435", size = 18037 }
wheels = [
    { url = "https://files.pythonhosted.org/packages/b9/f8/feced7779d755758a52d1f6635d990b8d98dc0a29fa568bbe0625f18fdf3/filelock-3.16.1-py3-none-any.whl", hash = "sha256:2082e5703d51fbf98ea75855d9d5527e33d8ff23099bec374a134febee6946b0", size = 16163 },
]

[[package]]
name = "grpcio"
version = "1.60.2"
source = { registry = "https://pypi.org/simple" }
sdist = { url = "https://files.pythonhosted.org/packages/72/8d/4dc1f9b00cc2b2cfdcf11d514c55123e11a0c535eb7432286f266581b736/grpcio-1.60.2.tar.gz", hash = "sha256:595264cd4ba6a989d6a56cfa72ac34198ba696ab33d06ee223ad55a7d3c06105", size = 24778878 }
wheels = [
    { url = "https://files.pythonhosted.org/packages/01/df/a376792c4e0c95c7d5d4a8e274033fde97c7d2584053a78aaa75cbb574a0/grpcio-1.60.2-cp312-cp312-linux_armv7l.whl", hash = "sha256:f0a94185bd36ffe037d42650eba01f8d346fdeaea2983bf10286182cf500cf30", size = 100613234 },
    { url = "https://files.pythonhosted.org/packages/b5/80/d9c5ed3317aed1b5c3634f77c12e40164b8469d327b68ba50d3313da7798/grpcio-1.60.2-cp312-cp312-macosx_10_10_universal2.whl", hash = "sha256:f48123867cebdb4b23135742e6b7169a1355f3b0fdd582a01048dca83e8dfe3b", size = 9612764 },
    { url = "https://files.pythonhosted.org/packages/9f/95/45edfa940352ade9b467a78d81422d75b8c983639145d9890e52c55d3052/grpcio-1.60.2-cp312-cp312-manylinux_2_17_aarch64.whl", hash = "sha256:19ed5d1771beeb02bf3d9957ccfd62a7d96bc2d6bb2c17608ec7465914d80f06", size = 5061892 },
    { url = "https://files.pythonhosted.org/packages/ce/77/3fa88f0308284836c13b9cda3c5619922245a086fb26d0ca8c3a38955fb2/grpcio-1.60.2-cp312-cp312-manylinux_2_17_i686.manylinux2014_i686.whl", hash = "sha256:9fa0899b6d32e7453f0e40c3a27a89a8638c4b44361872fce7cc4501c1777b46", size = 5566511 },
    { url = "https://files.pythonhosted.org/packages/47/bb/eceeba8f195a56b023efb8ef75ba6d78907b3b93038330a3d33ea9f97ac0/grpcio-1.60.2-cp312-cp312-manylinux_2_17_x86_64.manylinux2014_x86_64.whl", hash = "sha256:c22253ef0f8b3a0abb43bab65852950517ae476734ba1dac0201bb23ea395498", size = 5300669 },
    { url = "https://files.pythonhosted.org/packages/5b/60/2a0b47db613584149a7c178697e0b98ff5dfc608e6cc9735ca421e81c39d/grpcio-1.60.2-cp312-cp312-musllinux_1_1_i686.whl", hash = "sha256:1e1db0e5b99ac20111ac2844c58cbdd4fcd55c2d9706a45200f02524858c3bd5", size = 5852774 },
    { url = "https://files.pythonhosted.org/packages/48/77/c70515935008855e1c768904d5ae567c0048b606477b6273d31b3492314b/grpcio-1.60.2-cp312-cp312-musllinux_1_1_x86_64.whl", hash = "sha256:b9186981a9e8a2fc1cb9d7767d4e7ef3eef6604fd7429ca14b45daa6c1c41a8a", size = 5555759 },
    { url = "https://files.pythonhosted.org/packages/80/04/e78796560d966de1880473adafd89cfca23dd1676fbb35c52a339f7ffef3/grpcio-1.60.2-cp312-cp312-win32.whl", hash = "sha256:380834c7e1c0d747c1b6d36c6f3ccaab5ce018792647fb0e46b0b8af455d56b3", size = 3097712 },
    { url = "https://files.pythonhosted.org/packages/bc/59/e76638bfb611a942011bf3a924e7fdbead74f61806763a4b7fafcedbefec/grpcio-1.60.2-cp312-cp312-win_amd64.whl", hash = "sha256:8f760e7e26b04bef2327a07facc35c6196e5d17a7e9a22aaa5c7f3b83a801dad", size = 3629272 },
]

[[package]]
name = "identify"
version = "2.6.1"
source = { registry = "https://pypi.org/simple" }
sdist = { url = "https://files.pythonhosted.org/packages/29/bb/25024dbcc93516c492b75919e76f389bac754a3e4248682fba32b250c880/identify-2.6.1.tar.gz", hash = "sha256:91478c5fb7c3aac5ff7bf9b4344f803843dc586832d5f110d672b19aa1984c98", size = 99097 }
wheels = [
    { url = "https://files.pythonhosted.org/packages/7d/0c/4ef72754c050979fdcc06c744715ae70ea37e734816bb6514f79df77a42f/identify-2.6.1-py2.py3-none-any.whl", hash = "sha256:53863bcac7caf8d2ed85bd20312ea5dcfc22226800f6d6881f232d861db5a8f0", size = 98972 },
]

[[package]]
name = "nodeenv"
version = "1.9.1"
source = { registry = "https://pypi.org/simple" }
sdist = { url = "https://files.pythonhosted.org/packages/43/16/fc88b08840de0e0a72a2f9d8c6bae36be573e475a6326ae854bcc549fc45/nodeenv-1.9.1.tar.gz", hash = "sha256:6ec12890a2dab7946721edbfbcd91f3319c6ccc9aec47be7c7e6b7011ee6645f", size = 47437 }
wheels = [
    { url = "https://files.pythonhosted.org/packages/d2/1d/1b658dbd2b9fa9c4c9f32accbfc0205d532c8c6194dc0f2a4c0428e7128a/nodeenv-1.9.1-py2.py3-none-any.whl", hash = "sha256:ba11c9782d29c27c70ffbdda2d7415098754709be8a7056d79a737cd901155c9", size = 22314 },
]

[[package]]
name = "parver"
version = "0.5"
source = { registry = "https://pypi.org/simple" }
dependencies = [
    { name = "arpeggio" },
    { name = "attrs" },
]
sdist = { url = "https://files.pythonhosted.org/packages/cc/e5/1c774688a90f0b76e872e30f6f1ba3f5e14056cd0d96a684047d4a986226/parver-0.5.tar.gz", hash = "sha256:b9fde1e6bb9ce9f07e08e9c4bea8d8825c5e78e18a0052d02e02bf9517eb4777", size = 26908 }
wheels = [
    { url = "https://files.pythonhosted.org/packages/0f/4c/f98024021bef4d44dce3613feebd702c7ad8883f777ff8488384c59e9774/parver-0.5-py3-none-any.whl", hash = "sha256:2281b187276c8e8e3c15634f62287b2fb6fe0efe3010f739a6bd1e45fa2bf2b2", size = 15172 },
]

[[package]]
name = "pip"
version = "24.2"
source = { registry = "https://pypi.org/simple" }
sdist = { url = "https://files.pythonhosted.org/packages/4d/87/fb90046e096a03aeab235e139436b3fe804cdd447ed2093b0d70eba3f7f8/pip-24.2.tar.gz", hash = "sha256:5b5e490b5e9cb275c879595064adce9ebd31b854e3e803740b72f9ccf34a45b8", size = 1922041 }
wheels = [
    { url = "https://files.pythonhosted.org/packages/d4/55/90db48d85f7689ec6f81c0db0622d704306c5284850383c090e6c7195a5c/pip-24.2-py3-none-any.whl", hash = "sha256:2cd581cf58ab7fcfca4ce8efa6dcacd0de5bf8d0a3eb9ec927e07405f4d9e2a2", size = 1815170 },
]

[[package]]
name = "platformdirs"
version = "4.3.6"
source = { registry = "https://pypi.org/simple" }
sdist = { url = "https://files.pythonhosted.org/packages/13/fc/128cc9cb8f03208bdbf93d3aa862e16d376844a14f9a0ce5cf4507372de4/platformdirs-4.3.6.tar.gz", hash = "sha256:357fb2acbc885b0419afd3ce3ed34564c13c9b95c89360cd9563f73aa5e2b907", size = 21302 }
wheels = [
    { url = "https://files.pythonhosted.org/packages/3c/a6/bc1012356d8ece4d66dd75c4b9fc6c1f6650ddd5991e421177d9f8f671be/platformdirs-4.3.6-py3-none-any.whl", hash = "sha256:73e575e1408ab8103900836b97580d5307456908a03e92031bab39e4554cc3fb", size = 18439 },
]

[[package]]
name = "pre-commit"
version = "3.8.0"
source = { registry = "https://pypi.org/simple" }
dependencies = [
    { name = "cfgv" },
    { name = "identify" },
    { name = "nodeenv" },
    { name = "pyyaml" },
    { name = "virtualenv" },
]
sdist = { url = "https://files.pythonhosted.org/packages/64/10/97ee2fa54dff1e9da9badbc5e35d0bbaef0776271ea5907eccf64140f72f/pre_commit-3.8.0.tar.gz", hash = "sha256:8bb6494d4a20423842e198980c9ecf9f96607a07ea29549e180eef9ae80fe7af", size = 177815 }
wheels = [
    { url = "https://files.pythonhosted.org/packages/07/92/caae8c86e94681b42c246f0bca35c059a2f0529e5b92619f6aba4cf7e7b6/pre_commit-3.8.0-py2.py3-none-any.whl", hash = "sha256:9a90a53bf82fdd8778d58085faf8d83df56e40dfe18f45b19446e26bf1b3a63f", size = 204643 },
]

[[package]]
name = "pre-commit-uv"
version = "4.1.3"
source = { registry = "https://pypi.org/simple" }
dependencies = [
    { name = "pre-commit" },
    { name = "uv" },
]
sdist = { url = "https://files.pythonhosted.org/packages/31/f7/fc6193f5884a987dbbd3cc04e514c1789e4f896e2c488fd1594d2807b5ed/pre_commit_uv-4.1.3.tar.gz", hash = "sha256:3102dc8ac5abe2b26622c09fcc5396c80e23503a1e9bde24de25f29e23c8098b", size = 6540 }
wheels = [
    { url = "https://files.pythonhosted.org/packages/66/c6/cec7fc1d018832add6221254408a7f11165224e79edd32a1601bcabc395b/pre_commit_uv-4.1.3-py3-none-any.whl", hash = "sha256:2143c78cdf7797c17e8e344dfcfb83b27b3fad051a9aeb432f82c31e09678860", size = 5624 },
]

[[package]]
name = "protobuf"
version = "4.25.5"
source = { registry = "https://pypi.org/simple" }
sdist = { url = "https://files.pythonhosted.org/packages/67/dd/48d5fdb68ec74d70fabcc252e434492e56f70944d9f17b6a15e3746d2295/protobuf-4.25.5.tar.gz", hash = "sha256:7f8249476b4a9473645db7f8ab42b02fe1488cbe5fb72fddd445e0665afd8584", size = 380315 }
wheels = [
    { url = "https://files.pythonhosted.org/packages/00/35/1b3c5a5e6107859c4ca902f4fbb762e48599b78129a05d20684fef4a4d04/protobuf-4.25.5-cp310-abi3-win32.whl", hash = "sha256:5e61fd921603f58d2f5acb2806a929b4675f8874ff5f330b7d6f7e2e784bbcd8", size = 392457 },
    { url = "https://files.pythonhosted.org/packages/a7/ad/bf3f358e90b7e70bf7fb520702cb15307ef268262292d3bdb16ad8ebc815/protobuf-4.25.5-cp310-abi3-win_amd64.whl", hash = "sha256:4be0571adcbe712b282a330c6e89eae24281344429ae95c6d85e79e84780f5ea", size = 413449 },
    { url = "https://files.pythonhosted.org/packages/51/49/d110f0a43beb365758a252203c43eaaad169fe7749da918869a8c991f726/protobuf-4.25.5-cp37-abi3-macosx_10_9_universal2.whl", hash = "sha256:b2fde3d805354df675ea4c7c6338c1aecd254dfc9925e88c6d31a2bcb97eb173", size = 394248 },
    { url = "https://files.pythonhosted.org/packages/c6/ab/0f384ca0bc6054b1a7b6009000ab75d28a5506e4459378b81280ae7fd358/protobuf-4.25.5-cp37-abi3-manylinux2014_aarch64.whl", hash = "sha256:919ad92d9b0310070f8356c24b855c98df2b8bd207ebc1c0c6fcc9ab1e007f3d", size = 293717 },
    { url = "https://files.pythonhosted.org/packages/05/a6/094a2640be576d760baa34c902dcb8199d89bce9ed7dd7a6af74dcbbd62d/protobuf-4.25.5-cp37-abi3-manylinux2014_x86_64.whl", hash = "sha256:fe14e16c22be926d3abfcb500e60cab068baf10b542b8c858fa27e098123e331", size = 294635 },
    { url = "https://files.pythonhosted.org/packages/33/90/f198a61df8381fb43ae0fe81b3d2718e8dcc51ae8502c7657ab9381fbc4f/protobuf-4.25.5-py3-none-any.whl", hash = "sha256:0aebecb809cae990f8129ada5ca273d9d670b76d9bfc9b1809f0a9c02b7dbf41", size = 156467 },
]

[[package]]
name = "pulumi"
version = "3.134.1"
source = { registry = "https://pypi.org/simple" }
dependencies = [
    { name = "debugpy" },
    { name = "dill" },
    { name = "grpcio" },
    { name = "protobuf" },
    { name = "pyyaml" },
    { name = "semver" },
    { name = "six" },
]
wheels = [
    { url = "https://files.pythonhosted.org/packages/d2/06/d6705ee9d47c42acb8c7650f4f055011cf95771bf641feeb1602e6d79845/pulumi-3.134.1-py3-none-any.whl", hash = "sha256:74ac0d67454256cea6b2cd338ba64cf3067265299dd5212f740638bb7ecdd2b0", size = 273688 },
]

[[package]]
name = "pulumi-cloudflare"
version = "5.39.1"
source = { registry = "https://pypi.org/simple" }
dependencies = [
    { name = "parver" },
    { name = "pulumi" },
    { name = "semver" },
]
sdist = { url = "https://files.pythonhosted.org/packages/33/ed/9e5eb62a82aff5192ad5ec768ecddc50bbc6a7fd111521c1d849c3d60ef3/pulumi_cloudflare-5.39.1.tar.gz", hash = "sha256:864efdd0a59de114854ce7832675ae086eaaef2dc50f6cf25388cbe83f30ac3e", size = 529987 }
wheels = [
    { url = "https://files.pythonhosted.org/packages/3d/fa/7e9b020fbfe722f8719ff860781d09887ca1a783ed873a319cc3c2b3de77/pulumi_cloudflare-5.39.1-py3-none-any.whl", hash = "sha256:790b4ce73ff52a2b45b52c1fd282fa869921226dcda1791ccff664a1a545c3e6", size = 771448 },
]

[[package]]
name = "pyyaml"
version = "6.0.2"
source = { registry = "https://pypi.org/simple" }
sdist = { url = "https://files.pythonhosted.org/packages/54/ed/79a089b6be93607fa5cdaedf301d7dfb23af5f25c398d5ead2525b063e17/pyyaml-6.0.2.tar.gz", hash = "sha256:d584d9ec91ad65861cc08d42e834324ef890a082e591037abe114850ff7bbc3e", size = 130631 }
wheels = [
    { url = "https://files.pythonhosted.org/packages/86/0c/c581167fc46d6d6d7ddcfb8c843a4de25bdd27e4466938109ca68492292c/PyYAML-6.0.2-cp312-cp312-macosx_10_9_x86_64.whl", hash = "sha256:c70c95198c015b85feafc136515252a261a84561b7b1d51e3384e0655ddf25ab", size = 183873 },
    { url = "https://files.pythonhosted.org/packages/a8/0c/38374f5bb272c051e2a69281d71cba6fdb983413e6758b84482905e29a5d/PyYAML-6.0.2-cp312-cp312-macosx_11_0_arm64.whl", hash = "sha256:ce826d6ef20b1bc864f0a68340c8b3287705cae2f8b4b1d932177dcc76721725", size = 173302 },
    { url = "https://files.pythonhosted.org/packages/c3/93/9916574aa8c00aa06bbac729972eb1071d002b8e158bd0e83a3b9a20a1f7/PyYAML-6.0.2-cp312-cp312-manylinux_2_17_aarch64.manylinux2014_aarch64.whl", hash = "sha256:1f71ea527786de97d1a0cc0eacd1defc0985dcf6b3f17bb77dcfc8c34bec4dc5", size = 739154 },
    { url = "https://files.pythonhosted.org/packages/95/0f/b8938f1cbd09739c6da569d172531567dbcc9789e0029aa070856f123984/PyYAML-6.0.2-cp312-cp312-manylinux_2_17_s390x.manylinux2014_s390x.whl", hash = "sha256:9b22676e8097e9e22e36d6b7bda33190d0d400f345f23d4065d48f4ca7ae0425", size = 766223 },
    { url = "https://files.pythonhosted.org/packages/b9/2b/614b4752f2e127db5cc206abc23a8c19678e92b23c3db30fc86ab731d3bd/PyYAML-6.0.2-cp312-cp312-manylinux_2_17_x86_64.manylinux2014_x86_64.whl", hash = "sha256:80bab7bfc629882493af4aa31a4cfa43a4c57c83813253626916b8c7ada83476", size = 767542 },
    { url = "https://files.pythonhosted.org/packages/d4/00/dd137d5bcc7efea1836d6264f049359861cf548469d18da90cd8216cf05f/PyYAML-6.0.2-cp312-cp312-musllinux_1_1_aarch64.whl", hash = "sha256:0833f8694549e586547b576dcfaba4a6b55b9e96098b36cdc7ebefe667dfed48", size = 731164 },
    { url = "https://files.pythonhosted.org/packages/c9/1f/4f998c900485e5c0ef43838363ba4a9723ac0ad73a9dc42068b12aaba4e4/PyYAML-6.0.2-cp312-cp312-musllinux_1_1_x86_64.whl", hash = "sha256:8b9c7197f7cb2738065c481a0461e50ad02f18c78cd75775628afb4d7137fb3b", size = 756611 },
    { url = "https://files.pythonhosted.org/packages/df/d1/f5a275fdb252768b7a11ec63585bc38d0e87c9e05668a139fea92b80634c/PyYAML-6.0.2-cp312-cp312-win32.whl", hash = "sha256:ef6107725bd54b262d6dedcc2af448a266975032bc85ef0172c5f059da6325b4", size = 140591 },
    { url = "https://files.pythonhosted.org/packages/0c/e8/4f648c598b17c3d06e8753d7d13d57542b30d56e6c2dedf9c331ae56312e/PyYAML-6.0.2-cp312-cp312-win_amd64.whl", hash = "sha256:7e7401d0de89a9a855c839bc697c079a4af81cf878373abd7dc625847d25cbd8", size = 156338 },
    { url = "https://files.pythonhosted.org/packages/ef/e3/3af305b830494fa85d95f6d95ef7fa73f2ee1cc8ef5b495c7c3269fb835f/PyYAML-6.0.2-cp313-cp313-macosx_10_13_x86_64.whl", hash = "sha256:efdca5630322a10774e8e98e1af481aad470dd62c3170801852d752aa7a783ba", size = 181309 },
    { url = "https://files.pythonhosted.org/packages/45/9f/3b1c20a0b7a3200524eb0076cc027a970d320bd3a6592873c85c92a08731/PyYAML-6.0.2-cp313-cp313-macosx_11_0_arm64.whl", hash = "sha256:50187695423ffe49e2deacb8cd10510bc361faac997de9efef88badc3bb9e2d1", size = 171679 },
    { url = "https://files.pythonhosted.org/packages/7c/9a/337322f27005c33bcb656c655fa78325b730324c78620e8328ae28b64d0c/PyYAML-6.0.2-cp313-cp313-manylinux_2_17_aarch64.manylinux2014_aarch64.whl", hash = "sha256:0ffe8360bab4910ef1b9e87fb812d8bc0a308b0d0eef8c8f44e0254ab3b07133", size = 733428 },
    { url = "https://files.pythonhosted.org/packages/a3/69/864fbe19e6c18ea3cc196cbe5d392175b4cf3d5d0ac1403ec3f2d237ebb5/PyYAML-6.0.2-cp313-cp313-manylinux_2_17_s390x.manylinux2014_s390x.whl", hash = "sha256:17e311b6c678207928d649faa7cb0d7b4c26a0ba73d41e99c4fff6b6c3276484", size = 763361 },
    { url = "https://files.pythonhosted.org/packages/04/24/b7721e4845c2f162d26f50521b825fb061bc0a5afcf9a386840f23ea19fa/PyYAML-6.0.2-cp313-cp313-manylinux_2_17_x86_64.manylinux2014_x86_64.whl", hash = "sha256:70b189594dbe54f75ab3a1acec5f1e3faa7e8cf2f1e08d9b561cb41b845f69d5", size = 759523 },
    { url = "https://files.pythonhosted.org/packages/2b/b2/e3234f59ba06559c6ff63c4e10baea10e5e7df868092bf9ab40e5b9c56b6/PyYAML-6.0.2-cp313-cp313-musllinux_1_1_aarch64.whl", hash = "sha256:41e4e3953a79407c794916fa277a82531dd93aad34e29c2a514c2c0c5fe971cc", size = 726660 },
    { url = "https://files.pythonhosted.org/packages/fe/0f/25911a9f080464c59fab9027482f822b86bf0608957a5fcc6eaac85aa515/PyYAML-6.0.2-cp313-cp313-musllinux_1_1_x86_64.whl", hash = "sha256:68ccc6023a3400877818152ad9a1033e3db8625d899c72eacb5a668902e4d652", size = 751597 },
    { url = "https://files.pythonhosted.org/packages/14/0d/e2c3b43bbce3cf6bd97c840b46088a3031085179e596d4929729d8d68270/PyYAML-6.0.2-cp313-cp313-win32.whl", hash = "sha256:bc2fa7c6b47d6bc618dd7fb02ef6fdedb1090ec036abab80d4681424b84c1183", size = 140527 },
    { url = "https://files.pythonhosted.org/packages/fa/de/02b54f42487e3d3c6efb3f89428677074ca7bf43aae402517bc7cca949f3/PyYAML-6.0.2-cp313-cp313-win_amd64.whl", hash = "sha256:8388ee1976c416731879ac16da0aff3f63b286ffdd57cdeb95f3f2e085687563", size = 156446 },
]

[[package]]
name = "semver"
version = "2.13.0"
source = { registry = "https://pypi.org/simple" }
sdist = { url = "https://files.pythonhosted.org/packages/31/a9/b61190916030ee9af83de342e101f192bbb436c59be20a4cb0cdb7256ece/semver-2.13.0.tar.gz", hash = "sha256:fa0fe2722ee1c3f57eac478820c3a5ae2f624af8264cbdf9000c980ff7f75e3f", size = 45816 }
wheels = [
    { url = "https://files.pythonhosted.org/packages/0b/70/b84f9944a03964a88031ef6ac219b6c91e8ba2f373362329d8770ef36f02/semver-2.13.0-py2.py3-none-any.whl", hash = "sha256:ced8b23dceb22134307c1b8abfa523da14198793d9787ac838e70e29e77458d4", size = 12901 },
]

[[package]]
name = "six"
version = "1.16.0"
source = { registry = "https://pypi.org/simple" }
sdist = { url = "https://files.pythonhosted.org/packages/71/39/171f1c67cd00715f190ba0b100d606d440a28c93c7714febeca8b79af85e/six-1.16.0.tar.gz", hash = "sha256:1e61c37477a1626458e36f7b1d82aa5c9b094fa4802892072e49de9c60c4c926", size = 34041 }
wheels = [
    { url = "https://files.pythonhosted.org/packages/d9/5a/e7c31adbe875f2abbb91bd84cf2dc52d792b5a01506781dbcf25c91daf11/six-1.16.0-py2.py3-none-any.whl", hash = "sha256:8abb2f1d86890a2dfb989f9a77cfcfd3e47c2a354b01111771326f8aa26e0254", size = 11053 },
]

[[package]]
name = "uv"
version = "0.4.17"
source = { registry = "https://pypi.org/simple" }
sdist = { url = "https://files.pythonhosted.org/packages/13/2d/0571a664ca452f9c9ee03019094622c3970f35981df1b413369ba742d0f0/uv-0.4.17.tar.gz", hash = "sha256:01564bd760eff885ad61f44173647a569732934d1a4a558839c8088fbf75e53f", size = 2004305 }
wheels = [
    { url = "https://files.pythonhosted.org/packages/7d/82/8de3109d9815dacc32aba998e6ed88289d1430c97d06de118cfd1aa6ce99/uv-0.4.17-py3-none-linux_armv6l.whl", hash = "sha256:0da45ca164ef9701dcc5cac3256f1f3a4e6fabe026860101c3b14208bfbde831", size = 11913399 },
    { url = "https://files.pythonhosted.org/packages/4e/65/4114106f24c2c64fcc63db5e4ec93f032cfdb0359a376d869275fd3759d0/uv-0.4.17-py3-none-macosx_10_12_x86_64.whl", hash = "sha256:df5dabafa07d9beae719bf4df649cb6d825620f0bb3abf985df99fd0394dbbb6", size = 12133160 },
    { url = "https://files.pythonhosted.org/packages/61/9b/3a126a8431320c86a41854ba7c52f3aac82027ced9c4309c32cb9caa8a9d/uv-0.4.17-py3-none-macosx_11_0_arm64.whl", hash = "sha256:e88911392d0eef4019a1db64951eefd1081a6dda72e33ee4b5b77b32f1112a33", size = 11212930 },
    { url = "https://files.pythonhosted.org/packages/6e/dc/b97c735da94563d9d432f820fa5c9f2f5477359da9ed4e6e8aa4684c8d94/uv-0.4.17-py3-none-manylinux_2_17_aarch64.manylinux2014_aarch64.musllinux_1_1_aarch64.whl", hash = "sha256:8844740de53f3997175961c90ff4441e0ea7cb1d11e27b662258f8728f7623b2", size = 11481660 },
    { url = "https://files.pythonhosted.org/packages/d8/3d/54b0180916f23a812e3329c2b2de7008cdf6c9e7c934a7f1765a321154d5/uv-0.4.17-py3-none-manylinux_2_17_armv7l.manylinux2014_armv7l.whl", hash = "sha256:b3cad9f33c38a891c3adc3cedfa8171e5d1d696d03c850ecd454e16551b1308b", size = 11704743 },
    { url = "https://files.pythonhosted.org/packages/06/9b/9b5c96d4ba535ac2cae0c0202a23700bfe0ad3e6e9ca6e985003b9e60c23/uv-0.4.17-py3-none-manylinux_2_17_i686.manylinux2014_i686.whl", hash = "sha256:f727a356e772c3cdc7752d8d9971e614670658f5219eda2449290c5c4a5c91cf", size = 12376328 },
    { url = "https://files.pythonhosted.org/packages/51/54/f1aaa74e93a933f9e52159bf32ae0397181c17052af779693069f0046d35/uv-0.4.17-py3-none-manylinux_2_17_ppc64.manylinux2014_ppc64.whl", hash = "sha256:15cfd020ad4a72f17e669d070a1a8ab50f93ce899486a80029cabf87fac3a8ae", size = 12933204 },
    { url = "https://files.pythonhosted.org/packages/b5/e1/498ef5d9e9626f4b29f10a1baa830906f4e8d6a8e7b5cf3ef4db049edd33/uv-0.4.17-py3-none-manylinux_2_17_ppc64le.manylinux2014_ppc64le.whl", hash = "sha256:897c5d7d50341023f28b96afd0bf2553d67f3f46c12986d5ee02e517cf7d5c5a", size = 12676231 },
    { url = "https://files.pythonhosted.org/packages/0a/2f/38c153bec459c2413549b3a22735ea9baccc68e5c5e673fc803cecfdc6f1/uv-0.4.17-py3-none-manylinux_2_17_s390x.manylinux2014_s390x.whl", hash = "sha256:87e4c3b6415e0ce6880023960d7bb7fc08acafc97a4e03c7ce8b6a49ad0c698e", size = 16391712 },
    { url = "https://files.pythonhosted.org/packages/21/30/c126268c4586166c2695cb343ee851df45d65e2b9dae78b5d1b6c02706e3/uv-0.4.17-py3-none-manylinux_2_17_x86_64.manylinux2014_x86_64.whl", hash = "sha256:39c862a5fae944ea89dca5bf77bf636ac26398f96179bca19e4db26121707cd0", size = 12454567 },
    { url = "https://files.pythonhosted.org/packages/3b/92/01c734e5a742ac9464d42f1977f82a9fbf9e8958d95cb12e9dab788846d2/uv-0.4.17-py3-none-manylinux_2_28_aarch64.whl", hash = "sha256:dfe717c980d3206d4810b5121566a1e07114b9dd470b6f9f6ebed3706c21517d", size = 11608090 },
    { url = "https://files.pythonhosted.org/packages/81/1b/dceab3572d66ad94a04a1dc0e0c4697c76075c1013d8de699735ed4c851c/uv-0.4.17-py3-none-musllinux_1_1_armv7l.whl", hash = "sha256:44360f88b8e67e36fed00976b94d3f1144faa1c5291e8f6f5306c3ded650e9bf", size = 11701498 },
    { url = "https://files.pythonhosted.org/packages/3c/8a/da60f4aa41aad8ddc2b7ea34168963357b286d5dbaf139fd0c70cb2fde04/uv-0.4.17-py3-none-musllinux_1_1_i686.whl", hash = "sha256:489f68441092827fcd590a99f91269d5fb3b5f9cca1da469f7fc3d5ef3bf3e37", size = 12134824 },
    { url = "https://files.pythonhosted.org/packages/aa/99/e8312976cbd444d6ea8d8d8a71ac12436ffa173290f14bc323aaeb501b91/uv-0.4.17-py3-none-musllinux_1_1_ppc64le.whl", hash = "sha256:1a4098128ee54f8b4ca1b083d05f818548cf7182b5b6cbb74fd71235bd105b1d", size = 13789473 },
    { url = "https://files.pythonhosted.org/packages/2d/f4/511141abcc794a5fecaeb7c62138a68331453e21a4b1ad2e52250d5af95d/uv-0.4.17-py3-none-musllinux_1_1_x86_64.whl", hash = "sha256:8acb510475dd8dbce71533384b95a8b2ad204f10081c92d9d012d193bd4df884", size = 12620663 },
    { url = "https://files.pythonhosted.org/packages/18/f5/cb3eed07b1db5fcfbe638132fbde5fdf9031039fe82fdf30ebf00ce7bc19/uv-0.4.17-py3-none-win32.whl", hash = "sha256:7b27e69454d8f65d800bc61a3d05288cacf8e56b9b716b629b2b6977e85ceabe", size = 11956476 },
    { url = "https://files.pythonhosted.org/packages/a5/25/3f80d90fb147923bbae53973a63e6da0744a9d083285933fce5bfbe014fe/uv-0.4.17-py3-none-win_amd64.whl", hash = "sha256:6141f08aad242372dff4b529b9d26c814e151e95d1a8c85d645a7eb11b0cb34a", size = 13440345 },
]

[[package]]
name = "virtualenv"
version = "20.26.6"
source = { registry = "https://pypi.org/simple" }
dependencies = [
    { name = "distlib" },
    { name = "filelock" },
    { name = "platformdirs" },
]
sdist = { url = "https://files.pythonhosted.org/packages/3f/40/abc5a766da6b0b2457f819feab8e9203cbeae29327bd241359f866a3da9d/virtualenv-20.26.6.tar.gz", hash = "sha256:280aede09a2a5c317e409a00102e7077c6432c5a38f0ef938e643805a7ad2c48", size = 9372482 }
wheels = [
    { url = "https://files.pythonhosted.org/packages/59/90/57b8ac0c8a231545adc7698c64c5a36fa7cd8e376c691b9bde877269f2eb/virtualenv-20.26.6-py3-none-any.whl", hash = "sha256:7345cc5b25405607a624d8418154577459c3e0277f5466dd79c49d5e492995f2", size = 5999862 },
]
